<?xml version="1.0" encoding="utf-8"?>
<Project ToolsVersion="4.0" xmlns="http://schemas.microsoft.com/developer/msbuild/2003">
  <ItemGroup>
    <Filter Include="Source Files">
      <UniqueIdentifier>{4FC737F1-C7A5-4376-A066-2A32D752A2FF}</UniqueIdentifier>
      <Extensions>cpp;c;cc;cxx;c++;cppm;ixx;def;odl;idl;hpj;bat;asm;asmx</Extensions>
    </Filter>
    <Filter Include="Header Files">
      <UniqueIdentifier>{93995380-89BD-4b04-88EB-625FBE52EBFB}</UniqueIdentifier>
      <Extensions>h;hh;hpp;hxx;h++;hm;inl;inc;ipp;xsd</Extensions>
    </Filter>
    <Filter Include="Resource Files">
      <UniqueIdentifier>{67DA6AB6-F800-4c08-8B7A-83BB121AAD01}</UniqueIdentifier>
      <Extensions>rc;ico;cur;bmp;dlg;rc2;rct;bin;rgs;gif;jpg;jpeg;jpe;resx;tiff;tif;png;wav;mfcribbon-ms</Extensions>
    </Filter>
    <Filter Include="Source Files\0607">
      <UniqueIdentifier>{286d8fc5-e78f-4856-959a-6034c401054b}</UniqueIdentifier>
    </Filter>
    <Filter Include="Source Files\0608">
      <UniqueIdentifier>{19393665-2d6c-4f16-a9ad-6fd644df0744}</UniqueIdentifier>
    </Filter>
    <Filter Include="Source Files\0609">
      <UniqueIdentifier>{b0be9d2f-87b7-430f-8a9a-e8acb63916a5}</UniqueIdentifier>
    </Filter>
  </ItemGroup>
  <ItemGroup>
    <None Include=".editorconfig" />
  </ItemGroup>
  <ItemGroup>
    <ClCompile Include="0607\Class.cpp">
      <Filter>Source Files\0607</Filter>
    </ClCompile>
    <ClCompile Include="0607\TemplateFunction_0608_1.cpp">
      <Filter>Source Files\0607</Filter>
    </ClCompile>
    <ClCompile Include="0607\TemplateFunction2_0608_2.cpp">
      <Filter>Source Files\0607</Filter>
    </ClCompile>
    <ClCompile Include="0607\TemplateClass_0608_1.cpp">
      <Filter>Source Files\0607</Filter>
    </ClCompile>
    <ClCompile Include="0607\TemplateClass_0608_2.cpp">
      <Filter>Source Files\0607</Filter>
    </ClCompile>
    <ClCompile Include="0608\TemplateClass.cpp">
      <Filter>Source Files\0608</Filter>
    </ClCompile>
    <ClCompile Include="0608\TemplateFunction.cpp">
      <Filter>Source Files\0608</Filter>
    </ClCompile>
    <ClCompile Include="0608\TemplateClass2.cpp">
      <Filter>Source Files\0608</Filter>
    </ClCompile>
    <ClCompile Include="0608\TemplateClass3.cpp">
      <Filter>Source Files\0608</Filter>
    </ClCompile>
    <ClCompile Include="0608\TemplateClass4.cpp">
      <Filter>Source Files\0608</Filter>
    </ClCompile>
    <ClCompile Include="0609\Random.cpp">
      <Filter>Source Files\0609</Filter>
    </ClCompile>
    <ClCompile Include="0609\Time.cpp">
      <Filter>Source Files\0609</Filter>
    </ClCompile>
    <ClCompile Include="0609\File.cpp">
      <Filter>Source Files\0609</Filter>
    </ClCompile>
  </ItemGroup>
</Project>