<?xml version="1.0" encoding="utf-8"?>
<Project ToolsVersion="4.0" xmlns="http://schemas.microsoft.com/developer/msbuild/2003">
  <ItemGroup>
    <Filter Include="Source Files">
      <UniqueIdentifier>{4FC737F1-C7A5-4376-A066-2A32D752A2FF}</UniqueIdentifier>
      <Extensions>cpp;c;cc;cxx;c++;cppm;ixx;def;odl;idl;hpj;bat;asm;asmx</Extensions>
    </Filter>
    <Filter Include="Header Files">
      <UniqueIdentifier>{93995380-89BD-4b04-88EB-625FBE52EBFB}</UniqueIdentifier>
      <Extensions>h;hh;hpp;hxx;h++;hm;inl;inc;ipp;xsd</Extensions>
    </Filter>
    <Filter Include="Resource Files">
      <UniqueIdentifier>{67DA6AB6-F800-4c08-8B7A-83BB121AAD01}</UniqueIdentifier>
      <Extensions>rc;ico;cur;bmp;dlg;rc2;rct;bin;rgs;gif;jpg;jpeg;jpe;resx;tiff;tif;png;wav;mfcribbon-ms</Extensions>
    </Filter>
    <Filter Include="Source Files\0523">
      <UniqueIdentifier>{03d10a67-0a90-48b8-a813-f8439e4ac207}</UniqueIdentifier>
    </Filter>
    <Filter Include="Source Files\0524">
      <UniqueIdentifier>{c4f347d1-6bc6-4300-bdcf-bca5ae25180e}</UniqueIdentifier>
    </Filter>
    <Filter Include="Source Files\0525">
      <UniqueIdentifier>{e50044f0-ee0e-4b86-8d34-5179ac05c1a8}</UniqueIdentifier>
    </Filter>
    <Filter Include="Source Files\0526">
      <UniqueIdentifier>{3537e97a-6a15-499d-8b62-de178a5e1f26}</UniqueIdentifier>
    </Filter>
    <Filter Include="Source Files\0527">
      <UniqueIdentifier>{4b7f5617-ff0e-4bec-85b4-2a0e53b2e982}</UniqueIdentifier>
    </Filter>
  </ItemGroup>
  <ItemGroup>
    <ClCompile Include="0523\Friend.cpp">
      <Filter>Source Files\0523</Filter>
    </ClCompile>
    <ClCompile Include="0523\Friend2.cpp">
      <Filter>Source Files\0523</Filter>
    </ClCompile>
    <ClCompile Include="0523\NestedClass.cpp">
      <Filter>Source Files\0523</Filter>
    </ClCompile>
    <ClCompile Include="0524\DynamicAllocation.cpp">
      <Filter>Source Files\0524</Filter>
    </ClCompile>
    <ClCompile Include="0524\Test.cpp">
      <Filter>Source Files\0524</Filter>
    </ClCompile>
    <ClCompile Include="0524\DynamicAllocation2.cpp">
      <Filter>Source Files\0524</Filter>
    </ClCompile>
    <ClCompile Include="0524\Test2.cpp">
      <Filter>Source Files\0524</Filter>
    </ClCompile>
    <ClCompile Include="0524\DynamicAllocation3.cpp">
      <Filter>Source Files\0524</Filter>
    </ClCompile>
    <ClCompile Include="0525\CopyConstructor.cpp">
      <Filter>Source Files\0525</Filter>
    </ClCompile>
    <ClCompile Include="0525\CopyConstructor2.cpp">
      <Filter>Source Files\0525</Filter>
    </ClCompile>
    <ClCompile Include="0525\OperatorOverload.cpp">
      <Filter>Source Files\0525</Filter>
    </ClCompile>
    <ClCompile Include="0525\CopyConstructor3.cpp">
      <Filter>Source Files\0525</Filter>
    </ClCompile>
    <ClCompile Include="0526\RValue_LValue.cpp">
      <Filter>Source Files\0526</Filter>
    </ClCompile>
    <ClCompile Include="0526\MoveConstructor.cpp">
      <Filter>Source Files\0526</Filter>
    </ClCompile>
    <ClCompile Include="0526\MoveConstructor2.cpp">
      <Filter>Source Files\0526</Filter>
    </ClCompile>
    <ClCompile Include="0526\Test_0526.cpp">
      <Filter>Source Files\0526</Filter>
    </ClCompile>
    <ClCompile Include="0527\Inherit.cpp">
      <Filter>Source Files\0527</Filter>
    </ClCompile>
    <ClCompile Include="0527\Inherit2.cpp">
      <Filter>Source Files\0527</Filter>
    </ClCompile>
    <ClCompile Include="0527\Inherit3.cpp">
      <Filter>Source Files\0527</Filter>
    </ClCompile>
    <ClCompile Include="0527\Inherit4.cpp">
      <Filter>Source Files\0527</Filter>
    </ClCompile>
  </ItemGroup>
  <ItemGroup>
    <None Include=".editorconfig" />
  </ItemGroup>
</Project>