<?xml version="1.0" encoding="utf-8"?>
<Project ToolsVersion="4.0" xmlns="http://schemas.microsoft.com/developer/msbuild/2003">
  <ItemGroup>
    <Filter Include="Source Files">
      <UniqueIdentifier>{4FC737F1-C7A5-4376-A066-2A32D752A2FF}</UniqueIdentifier>
      <Extensions>cpp;c;cc;cxx;c++;cppm;ixx;def;odl;idl;hpj;bat;asm;asmx</Extensions>
    </Filter>
    <Filter Include="Header Files">
      <UniqueIdentifier>{93995380-89BD-4b04-88EB-625FBE52EBFB}</UniqueIdentifier>
      <Extensions>h;hh;hpp;hxx;h++;hm;inl;inc;ipp;xsd</Extensions>
    </Filter>
    <Filter Include="Resource Files">
      <UniqueIdentifier>{67DA6AB6-F800-4c08-8B7A-83BB121AAD01}</UniqueIdentifier>
      <Extensions>rc;ico;cur;bmp;dlg;rc2;rct;bin;rgs;gif;jpg;jpeg;jpe;resx;tiff;tif;png;wav;mfcribbon-ms</Extensions>
    </Filter>
    <Filter Include="Source Files\0509">
      <UniqueIdentifier>{4f455d13-4fa7-44ae-bf7c-7f4e779f7055}</UniqueIdentifier>
    </Filter>
    <Filter Include="Source Files\0510">
      <UniqueIdentifier>{57f5bab2-7ec9-4a6b-9113-2b3adf4843ab}</UniqueIdentifier>
    </Filter>
    <Filter Include="Source Files\0511">
      <UniqueIdentifier>{83298547-ddd2-44cb-b951-0f9570703164}</UniqueIdentifier>
    </Filter>
  </ItemGroup>
  <ItemGroup>
    <None Include=".editorconfig" />
  </ItemGroup>
  <ItemGroup>
    <ClCompile Include="0509\Function.cpp">
      <Filter>Source Files\0509</Filter>
    </ClCompile>
    <ClCompile Include="0509\Variable.cpp">
      <Filter>Source Files\0509</Filter>
    </ClCompile>
    <ClCompile Include="0509\RecursiveFunction.cpp">
      <Filter>Source Files\0509</Filter>
    </ClCompile>
    <ClCompile Include="0509\Test.cpp">
      <Filter>Source Files\0509</Filter>
    </ClCompile>
    <ClCompile Include="0510\Test.cpp">
      <Filter>Source Files\0510</Filter>
    </ClCompile>
    <ClCompile Include="0510\Array_Pointer.cpp">
      <Filter>Source Files\0510</Filter>
    </ClCompile>
    <ClCompile Include="0510\DoublePointer.cpp">
      <Filter>Source Files\0510</Filter>
    </ClCompile>
    <ClCompile Include="0510\Arguments.cpp">
      <Filter>Source Files\0510</Filter>
    </ClCompile>
    <ClCompile Include="0510\VoidPointer.cpp">
      <Filter>Source Files\0510</Filter>
    </ClCompile>
    <ClCompile Include="0510\FunctionPointer.cpp">
      <Filter>Source Files\0510</Filter>
    </ClCompile>
    <ClCompile Include="0510\MemoryFunction.cpp">
      <Filter>Source Files\0510</Filter>
    </ClCompile>
    <ClCompile Include="0511\PreProcessor.cpp">
      <Filter>Source Files\0511</Filter>
    </ClCompile>
    <ClCompile Include="0511\Structure1.cpp">
      <Filter>Source Files\0511</Filter>
    </ClCompile>
    <ClCompile Include="0511\Structure2.cpp">
      <Filter>Source Files\0511</Filter>
    </ClCompile>
    <ClCompile Include="0511\Union.cpp">
      <Filter>Source Files\0511</Filter>
    </ClCompile>
  </ItemGroup>
</Project>