<?xml version="1.0" encoding="utf-8"?>
<Project ToolsVersion="4.0" xmlns="http://schemas.microsoft.com/developer/msbuild/2003">
  <ItemGroup>
    <Filter Include="Source Files">
      <UniqueIdentifier>{4FC737F1-C7A5-4376-A066-2A32D752A2FF}</UniqueIdentifier>
      <Extensions>cpp;c;cc;cxx;c++;cppm;ixx;def;odl;idl;hpj;bat;asm;asmx</Extensions>
    </Filter>
    <Filter Include="Header Files">
      <UniqueIdentifier>{93995380-89BD-4b04-88EB-625FBE52EBFB}</UniqueIdentifier>
      <Extensions>h;hh;hpp;hxx;h++;hm;inl;inc;ipp;xsd</Extensions>
    </Filter>
    <Filter Include="Resource Files">
      <UniqueIdentifier>{67DA6AB6-F800-4c08-8B7A-83BB121AAD01}</UniqueIdentifier>
      <Extensions>rc;ico;cur;bmp;dlg;rc2;rct;bin;rgs;gif;jpg;jpeg;jpe;resx;tiff;tif;png;wav;mfcribbon-ms</Extensions>
    </Filter>
    <Filter Include="Source Files\0413">
      <UniqueIdentifier>{cec93f0f-7e0b-4af3-ba2e-19c034db6b4d}</UniqueIdentifier>
    </Filter>
    <Filter Include="Source Files\0414">
      <UniqueIdentifier>{c260ab4b-a30d-46c7-8855-6b5837610a14}</UniqueIdentifier>
    </Filter>
  </ItemGroup>
  <ItemGroup>
    <ClCompile Include="0413\print1.cpp">
      <Filter>Source Files\0413</Filter>
    </ClCompile>
    <ClCompile Include="0414\print2.cpp">
      <Filter>Source Files\0414</Filter>
    </ClCompile>
    <ClCompile Include="0414\scan.cpp">
      <Filter>Source Files\0414</Filter>
    </ClCompile>
    <ClCompile Include="0414\calculator.cpp">
      <Filter>Source Files\0414</Filter>
    </ClCompile>
    <ClCompile Include="0414\io.cpp">
      <Filter>Source Files\0414</Filter>
    </ClCompile>
    <ClCompile Include="0414\variable1_function.cpp">
      <Filter>Source Files\0414</Filter>
    </ClCompile>
    <ClCompile Include="0414\variable2_print3.cpp">
      <Filter>Source Files\0414</Filter>
    </ClCompile>
    <ClCompile Include="0414\variable3.cpp">
      <Filter>Source Files\0414</Filter>
    </ClCompile>
    <ClCompile Include="0414\print4.cpp">
      <Filter>Source Files\0414</Filter>
    </ClCompile>
    <ClCompile Include="0414\streamController.cpp">
      <Filter>Source Files\0414</Filter>
    </ClCompile>
  </ItemGroup>
</Project>