
Microsoft Visual Studio Solution File, Format Version 12.00
# Visual Studio Version 17
VisualStudioVersion = 17.1.32407.343
MinimumVisualStudioVersion = 10.0.40219.1
Project("{8BC9CEB8-8B4A-11D0-8D11-00A0C91BC942}") = "20220413", "20220413\20220413.vcxproj", "{AED1ACBF-F17D-4C3B-AB1B-2817B4EB42D7}"
EndProject
Global
	GlobalSection(SolutionConfigurationPlatforms) = preSolution
		Debug|x64 = Debug|x64
		Debug|x86 = Debug|x86
		Release|x64 = Release|x64
		Release|x86 = Release|x86
	EndGlobalSection
	GlobalSection(ProjectConfigurationPlatforms) = postSolution
		{AED1ACBF-F17D-4C3B-AB1B-2817B4EB42D7}.Debug|x64.ActiveCfg = Debug|x64
		{AED1ACBF-F17D-4C3B-AB1B-2817B4EB42D7}.Debug|x64.Build.0 = Debug|x64
		{AED1ACBF-F17D-4C3B-AB1B-2817B4EB42D7}.Debug|x86.ActiveCfg = Debug|Win32
		{AED1ACBF-F17D-4C3B-AB1B-2817B4EB42D7}.Debug|x86.Build.0 = Debug|Win32
		{AED1ACBF-F17D-4C3B-AB1B-2817B4EB42D7}.Release|x64.ActiveCfg = Release|x64
		{AED1ACBF-F17D-4C3B-AB1B-2817B4EB42D7}.Release|x64.Build.0 = Release|x64
		{AED1ACBF-F17D-4C3B-AB1B-2817B4EB42D7}.Release|x86.ActiveCfg = Release|Win32
		{AED1ACBF-F17D-4C3B-AB1B-2817B4EB42D7}.Release|x86.Build.0 = Release|Win32
	EndGlobalSection
	GlobalSection(SolutionProperties) = preSolution
		HideSolutionNode = FALSE
	EndGlobalSection
	GlobalSection(ExtensibilityGlobals) = postSolution
		SolutionGuid = {51EA8E74-47FD-434C-9B30-F9A934A932BA}
	EndGlobalSection
EndGlobal
