<?xml version="1.0" encoding="utf-8"?>
<Project ToolsVersion="4.0" xmlns="http://schemas.microsoft.com/developer/msbuild/2003">
  <ItemGroup>
    <Filter Include="Source Files">
      <UniqueIdentifier>{4FC737F1-C7A5-4376-A066-2A32D752A2FF}</UniqueIdentifier>
      <Extensions>cpp;c;cc;cxx;c++;cppm;ixx;def;odl;idl;hpj;bat;asm;asmx</Extensions>
    </Filter>
    <Filter Include="Header Files">
      <UniqueIdentifier>{93995380-89BD-4b04-88EB-625FBE52EBFB}</UniqueIdentifier>
      <Extensions>h;hh;hpp;hxx;h++;hm;inl;inc;ipp;xsd</Extensions>
    </Filter>
    <Filter Include="Resource Files">
      <UniqueIdentifier>{67DA6AB6-F800-4c08-8B7A-83BB121AAD01}</UniqueIdentifier>
      <Extensions>rc;ico;cur;bmp;dlg;rc2;rct;bin;rgs;gif;jpg;jpeg;jpe;resx;tiff;tif;png;wav;mfcribbon-ms</Extensions>
    </Filter>
    <Filter Include="Source Files\0516">
      <UniqueIdentifier>{1c268a3e-47e5-4bb9-8c7d-bbf065ee6689}</UniqueIdentifier>
    </Filter>
    <Filter Include="Source Files\0517">
      <UniqueIdentifier>{542dd182-b4d6-46e8-a168-edb96d164d50}</UniqueIdentifier>
    </Filter>
    <Filter Include="Source Files\0518">
      <UniqueIdentifier>{18636929-39fa-4781-8a61-c8bb092ac393}</UniqueIdentifier>
    </Filter>
  </ItemGroup>
  <ItemGroup>
    <None Include=".editorconfig" />
  </ItemGroup>
  <ItemGroup>
    <ClCompile Include="0516\Class_0516.cpp">
      <Filter>Source Files\0516</Filter>
    </ClCompile>
    <ClCompile Include="0516\Class_0516_2.cpp">
      <Filter>Source Files\0516</Filter>
    </ClCompile>
    <ClCompile Include="0516\Class_0516_3.cpp">
      <Filter>Source Files\0516</Filter>
    </ClCompile>
    <ClCompile Include="0516\Test_0516.cpp">
      <Filter>Source Files\0516</Filter>
    </ClCompile>
    <ClCompile Include="0516\Test_0516_2.cpp">
      <Filter>Source Files\0516</Filter>
    </ClCompile>
    <ClCompile Include="0517\Class_0517.cpp">
      <Filter>Source Files\0517</Filter>
    </ClCompile>
    <ClCompile Include="0517\Constructor.cpp">
      <Filter>Source Files\0517</Filter>
    </ClCompile>
    <ClCompile Include="0517\Constructor2.cpp">
      <Filter>Source Files\0517</Filter>
    </ClCompile>
    <ClCompile Include="0517\Constructor3.cpp">
      <Filter>Source Files\0517</Filter>
    </ClCompile>
    <ClCompile Include="0517\Constructor4.cpp">
      <Filter>Source Files\0517</Filter>
    </ClCompile>
    <ClCompile Include="0517\Constructor5.cpp">
      <Filter>Source Files\0517</Filter>
    </ClCompile>
    <ClCompile Include="0518\Class.cpp">
      <Filter>Source Files\0518</Filter>
    </ClCompile>
    <ClCompile Include="0518\Class2.cpp">
      <Filter>Source Files\0518</Filter>
    </ClCompile>
    <ClCompile Include="0518\Test.cpp">
      <Filter>Source Files\0518</Filter>
    </ClCompile>
    <ClCompile Include="0518\Class3.cpp">
      <Filter>Source Files\0518</Filter>
    </ClCompile>
  </ItemGroup>
</Project>